
Microsoft Visual Studio Solution File, Format Version 12.00
# Visual Studio 2013
VisualStudioVersion = 12.0.30110.0
MinimumVisualStudioVersion = 10.0.40219.1
Project("{FAE04EC0-301F-11D3-BF4B-00C04F79EFBC}") = "TodoA.Model", "TodoA.Model\TodoA.Model.csproj", "{701FD6B0-0483-48DF-A2AE-AEAFA9E23DDC}"
EndProject
Project("{FAE04EC0-301F-11D3-BF4B-00C04F79EFBC}") = "TodoA.Web", "TodoA.Web\TodoA.Web.csproj", "{3F6AE0DF-5680-4B2D-94DE-B6426C813CCE}"
EndProject
Global
	GlobalSection(SolutionConfigurationPlatforms) = preSolution
		Debug|Any CPU = Debug|Any CPU
		Release|Any CPU = Release|Any CPU
	EndGlobalSection
	GlobalSection(ProjectConfigurationPlatforms) = postSolution
		{701FD6B0-0483-48DF-A2AE-AEAFA9E23DDC}.Debug|Any CPU.ActiveCfg = Debug|Any CPU
		{701FD6B0-0483-48DF-A2AE-AEAFA9E23DDC}.Debug|Any CPU.Build.0 = Debug|Any CPU
		{701FD6B0-0483-48DF-A2AE-AEAFA9E23DDC}.Release|Any CPU.ActiveCfg = Release|Any CPU
		{701FD6B0-0483-48DF-A2AE-AEAFA9E23DDC}.Release|Any CPU.Build.0 = Release|Any CPU
		{3F6AE0DF-5680-4B2D-94DE-B6426C813CCE}.Debug|Any CPU.ActiveCfg = Debug|Any CPU
		{3F6AE0DF-5680-4B2D-94DE-B6426C813CCE}.Debug|Any CPU.Build.0 = Debug|Any CPU
		{3F6AE0DF-5680-4B2D-94DE-B6426C813CCE}.Release|Any CPU.ActiveCfg = Release|Any CPU
		{3F6AE0DF-5680-4B2D-94DE-B6426C813CCE}.Release|Any CPU.Build.0 = Release|Any CPU
	EndGlobalSection
	GlobalSection(SolutionProperties) = preSolution
		HideSolutionNode = FALSE
	EndGlobalSection
EndGlobal
